
Microsoft Visual Studio Solution File, Format Version 12.00
# Visual Studio Version 17
VisualStudioVersion = 17.5.33627.172
MinimumVisualStudioVersion = 10.0.40219.1
Project("{FAE04EC0-301F-11D3-BF4B-00C04F79EFBC}") = "KolekcijeKategorijeVozila", "KolekcijeKategorijeVozila.csproj", "{9E642BA3-0EC9-452A-B59A-B47F660993FB}"
EndProject
Global
	GlobalSection(SolutionConfigurationPlatforms) = preSolution
		Debug|Any CPU = Debug|Any CPU
		Release|Any CPU = Release|Any CPU
	EndGlobalSection
	GlobalSection(ProjectConfigurationPlatforms) = postSolution
		{9E642BA3-0EC9-452A-B59A-B47F660993FB}.Debug|Any CPU.ActiveCfg = Debug|Any CPU
		{9E642BA3-0EC9-452A-B59A-B47F660993FB}.Debug|Any CPU.Build.0 = Debug|Any CPU
		{9E642BA3-0EC9-452A-B59A-B47F660993FB}.Release|Any CPU.ActiveCfg = Release|Any CPU
		{9E642BA3-0EC9-452A-B59A-B47F660993FB}.Release|Any CPU.Build.0 = Release|Any CPU
	EndGlobalSection
	GlobalSection(SolutionProperties) = preSolution
		HideSolutionNode = FALSE
	EndGlobalSection
	GlobalSection(ExtensibilityGlobals) = postSolution
		SolutionGuid = {284AE097-B3D0-4DF3-91D4-1CD03F51FF15}
	EndGlobalSection
EndGlobal
